Microsoft Visual Studio Solution File, Format Version 12.00
# Visual Studio Version 17
VisualStudioVersion = 17.5.2.0
MinimumVisualStudioVersion = 10.0.40219.1
Project("{FAE04EC0-301F-11D3-BF4B-00C04F79EFBC}") = "Validacoes.Documentos", "Validacoes.Documentos.csproj", "{A635619E-545F-D501-6FC6-7B9D2928FD08}"
EndProject
Global
	GlobalSection(SolutionConfigurationPlatforms) = preSolution
		Debug|Any CPU = Debug|Any CPU
		Release|Any CPU = Release|Any CPU
	EndGlobalSection
	GlobalSection(ProjectConfigurationPlatforms) = postSolution
		{A635619E-545F-D501-6FC6-7B9D2928FD08}.Debug|Any CPU.ActiveCfg = Debug|Any CPU
		{A635619E-545F-D501-6FC6-7B9D2928FD08}.Debug|Any CPU.Build.0 = Debug|Any CPU
		{A635619E-545F-D501-6FC6-7B9D2928FD08}.Release|Any CPU.ActiveCfg = Release|Any CPU
		{A635619E-545F-D501-6FC6-7B9D2928FD08}.Release|Any CPU.Build.0 = Release|Any CPU
	EndGlobalSection
	GlobalSection(SolutionProperties) = preSolution
		HideSolutionNode = FALSE
	EndGlobalSection
	GlobalSection(ExtensibilityGlobals) = postSolution
		SolutionGuid = {B6AFB08B-BA4B-4D0B-B6B1-54AE6724E94D}
	EndGlobalSection
EndGlobal
